
Microsoft Visual Studio Solution File, Format Version 12.00
# Visual Studio Version 16
VisualStudioVersion = 16.0.29806.167
MinimumVisualStudioVersion = 10.0.40219.1
Project("{9A19103F-16F7-4668-BE54-9A1E7A4F7556}") = "Program", "Program\Program.csproj", "{7079B238-C864-489E-A52F-6844976607DB}"
EndProject
Project("{9A19103F-16F7-4668-BE54-9A1E7A4F7556}") = "PrimNumbers", "PrimNumbers\PrimNumbers.csproj", "{BE0C2B30-20A5-44B5-A58B-1641B4956633}"
EndProject
Project("{9A19103F-16F7-4668-BE54-9A1E7A4F7556}") = "Klasse", "Klasse\Klasse.csproj", "{59F4DBB2-9A39-46AF-9BB3-83453CB23881}"
EndProject
Project("{9A19103F-16F7-4668-BE54-9A1E7A4F7556}") = "ClassDiagram", "ClassDiagram\ClassDiagram.csproj", "{0A8B09FD-CFA2-4A7E-B62B-E9AFCAC4D9C9}"
EndProject
Project("{9A19103F-16F7-4668-BE54-9A1E7A4F7556}") = "Pets", "Pets\Pets.csproj", "{D9B3255F-1435-4386-B61C-621F6317B631}"
EndProject
Project("{FAE04EC0-301F-11D3-BF4B-00C04F79EFBC}") = "TestUML", "TestUML\TestUML.csproj", "{0494C33F-00CA-4157-B2FF-7A9575B1C7EB}"
EndProject
Global
	GlobalSection(SolutionConfigurationPlatforms) = preSolution
		Debug|Any CPU = Debug|Any CPU
		Release|Any CPU = Release|Any CPU
	EndGlobalSection
	GlobalSection(ProjectConfigurationPlatforms) = postSolution
		{7079B238-C864-489E-A52F-6844976607DB}.Debug|Any CPU.ActiveCfg = Debug|Any CPU
		{7079B238-C864-489E-A52F-6844976607DB}.Debug|Any CPU.Build.0 = Debug|Any CPU
		{7079B238-C864-489E-A52F-6844976607DB}.Release|Any CPU.ActiveCfg = Release|Any CPU
		{7079B238-C864-489E-A52F-6844976607DB}.Release|Any CPU.Build.0 = Release|Any CPU
		{BE0C2B30-20A5-44B5-A58B-1641B4956633}.Debug|Any CPU.ActiveCfg = Debug|Any CPU
		{BE0C2B30-20A5-44B5-A58B-1641B4956633}.Debug|Any CPU.Build.0 = Debug|Any CPU
		{BE0C2B30-20A5-44B5-A58B-1641B4956633}.Release|Any CPU.ActiveCfg = Release|Any CPU
		{BE0C2B30-20A5-44B5-A58B-1641B4956633}.Release|Any CPU.Build.0 = Release|Any CPU
		{59F4DBB2-9A39-46AF-9BB3-83453CB23881}.Debug|Any CPU.ActiveCfg = Debug|Any CPU
		{59F4DBB2-9A39-46AF-9BB3-83453CB23881}.Debug|Any CPU.Build.0 = Debug|Any CPU
		{59F4DBB2-9A39-46AF-9BB3-83453CB23881}.Release|Any CPU.ActiveCfg = Release|Any CPU
		{59F4DBB2-9A39-46AF-9BB3-83453CB23881}.Release|Any CPU.Build.0 = Release|Any CPU
		{0A8B09FD-CFA2-4A7E-B62B-E9AFCAC4D9C9}.Debug|Any CPU.ActiveCfg = Debug|Any CPU
		{0A8B09FD-CFA2-4A7E-B62B-E9AFCAC4D9C9}.Debug|Any CPU.Build.0 = Debug|Any CPU
		{0A8B09FD-CFA2-4A7E-B62B-E9AFCAC4D9C9}.Release|Any CPU.ActiveCfg = Release|Any CPU
		{0A8B09FD-CFA2-4A7E-B62B-E9AFCAC4D9C9}.Release|Any CPU.Build.0 = Release|Any CPU
		{D9B3255F-1435-4386-B61C-621F6317B631}.Debug|Any CPU.ActiveCfg = Debug|Any CPU
		{D9B3255F-1435-4386-B61C-621F6317B631}.Debug|Any CPU.Build.0 = Debug|Any CPU
		{D9B3255F-1435-4386-B61C-621F6317B631}.Release|Any CPU.ActiveCfg = Release|Any CPU
		{D9B3255F-1435-4386-B61C-621F6317B631}.Release|Any CPU.Build.0 = Release|Any CPU
		{0494C33F-00CA-4157-B2FF-7A9575B1C7EB}.Debug|Any CPU.ActiveCfg = Debug|Any CPU
		{0494C33F-00CA-4157-B2FF-7A9575B1C7EB}.Debug|Any CPU.Build.0 = Debug|Any CPU
		{0494C33F-00CA-4157-B2FF-7A9575B1C7EB}.Release|Any CPU.ActiveCfg = Release|Any CPU
		{0494C33F-00CA-4157-B2FF-7A9575B1C7EB}.Release|Any CPU.Build.0 = Release|Any CPU
	EndGlobalSection
	GlobalSection(SolutionProperties) = preSolution
		HideSolutionNode = FALSE
	EndGlobalSection
	GlobalSection(ExtensibilityGlobals) = postSolution
		SolutionGuid = {D5D9FE7E-877F-47F1-A716-AA28476E85B9}
	EndGlobalSection
EndGlobal
